
Microsoft Visual Studio Solution File, Format Version 12.00
# Visual Studio Version 16
VisualStudioVersion = 16.0.29806.167
MinimumVisualStudioVersion = 10.0.40219.1
Project("{FAE04EC0-301F-11D3-BF4B-00C04F79EFBC}") = "LibraryManagementSystem", "LibraryManagementSystem\LibraryManagementSystem.csproj", "{E1DB30C7-0058-44F7-8542-B5F26346DB6F}"
EndProject
Project("{FAE04EC0-301F-11D3-BF4B-00C04F79EFBC}") = "LibraryManagementSystem.DAL", "LibraryManagementSystem.DAL\LibraryManagementSystem.DAL.csproj", "{B1A96967-CEAC-467B-BE2E-21DE5FCED1CC}"
EndProject
Project("{FAE04EC0-301F-11D3-BF4B-00C04F79EFBC}") = "LibraryManagementSystem.BLL", "LibraryManagementSystem.BLL\LibraryManagementSystem.BLL.csproj", "{ABC9E807-3B7C-4E2B-A3AE-1CBA6C2AACE4}"
EndProject
Project("{FAE04EC0-301F-11D3-BF4B-00C04F79EFBC}") = "LibraryManagementSystem.Entities", "LibraryManagementSystem.Entities\LibraryManagementSystem.Entities.csproj", "{C57185A2-FDC5-47E3-8ACB-0DAAAB69A7E2}"
EndProject
Project("{FAE04EC0-301F-11D3-BF4B-00C04F79EFBC}") = "LibraryManagementSystem.Exceptions", "LibraryManagementSystem.Exceptions\LibraryManagementSystem.Exceptions.csproj", "{5B0C00B9-5470-45F2-B0FD-D4751CDC43E4}"
EndProject
Global
	GlobalSection(SolutionConfigurationPlatforms) = preSolution
		Debug|Any CPU = Debug|Any CPU
		Release|Any CPU = Release|Any CPU
	EndGlobalSection
	GlobalSection(ProjectConfigurationPlatforms) = postSolution
		{E1DB30C7-0058-44F7-8542-B5F26346DB6F}.Debug|Any CPU.ActiveCfg = Debug|Any CPU
		{E1DB30C7-0058-44F7-8542-B5F26346DB6F}.Debug|Any CPU.Build.0 = Debug|Any CPU
		{E1DB30C7-0058-44F7-8542-B5F26346DB6F}.Release|Any CPU.ActiveCfg = Release|Any CPU
		{E1DB30C7-0058-44F7-8542-B5F26346DB6F}.Release|Any CPU.Build.0 = Release|Any CPU
		{B1A96967-CEAC-467B-BE2E-21DE5FCED1CC}.Debug|Any CPU.ActiveCfg = Debug|Any CPU
		{B1A96967-CEAC-467B-BE2E-21DE5FCED1CC}.Debug|Any CPU.Build.0 = Debug|Any CPU
		{B1A96967-CEAC-467B-BE2E-21DE5FCED1CC}.Release|Any CPU.ActiveCfg = Release|Any CPU
		{B1A96967-CEAC-467B-BE2E-21DE5FCED1CC}.Release|Any CPU.Build.0 = Release|Any CPU
		{ABC9E807-3B7C-4E2B-A3AE-1CBA6C2AACE4}.Debug|Any CPU.ActiveCfg = Debug|Any CPU
		{ABC9E807-3B7C-4E2B-A3AE-1CBA6C2AACE4}.Debug|Any CPU.Build.0 = Debug|Any CPU
		{ABC9E807-3B7C-4E2B-A3AE-1CBA6C2AACE4}.Release|Any CPU.ActiveCfg = Release|Any CPU
		{ABC9E807-3B7C-4E2B-A3AE-1CBA6C2AACE4}.Release|Any CPU.Build.0 = Release|Any CPU
		{C57185A2-FDC5-47E3-8ACB-0DAAAB69A7E2}.Debug|Any CPU.ActiveCfg = Debug|Any CPU
		{C57185A2-FDC5-47E3-8ACB-0DAAAB69A7E2}.Debug|Any CPU.Build.0 = Debug|Any CPU
		{C57185A2-FDC5-47E3-8ACB-0DAAAB69A7E2}.Release|Any CPU.ActiveCfg = Release|Any CPU
		{C57185A2-FDC5-47E3-8ACB-0DAAAB69A7E2}.Release|Any CPU.Build.0 = Release|Any CPU
		{5B0C00B9-5470-45F2-B0FD-D4751CDC43E4}.Debug|Any CPU.ActiveCfg = Debug|Any CPU
		{5B0C00B9-5470-45F2-B0FD-D4751CDC43E4}.Debug|Any CPU.Build.0 = Debug|Any CPU
		{5B0C00B9-5470-45F2-B0FD-D4751CDC43E4}.Release|Any CPU.ActiveCfg = Release|Any CPU
		{5B0C00B9-5470-45F2-B0FD-D4751CDC43E4}.Release|Any CPU.Build.0 = Release|Any CPU
	EndGlobalSection
	GlobalSection(SolutionProperties) = preSolution
		HideSolutionNode = FALSE
	EndGlobalSection
	GlobalSection(ExtensibilityGlobals) = postSolution
		SolutionGuid = {46AFDBD8-CD0D-41DE-97EE-9FDBCD56368E}
	EndGlobalSection
EndGlobal
